{
    "_readme": [
        "This file locks the dependencies of your project to a known state",
        "Read more about it at https://getcomposer.org/doc/01-basic-usage.md#installing-dependencies",
        "This file is @generated automatically"
    ],
    "content-hash": "34580ec19fb529371167f2b870e9aac3",
    "packages": [
        {
            "name": "swapnilsarwe/icndb",
            "version": "v1.0.5",
            "source": {
                "type": "git",
                "url": "https://github.com/swapnilsarwe/icndb.git",
                "reference": "576dfbd0e63637fd1878c91e0176418d061449a2"
            },
            "dist": {
                "type": "zip",
                "url": "https://api.github.com/repos/swapnilsarwe/icndb/zipball/576dfbd0e63637fd1878c91e0176418d061449a2",
                "reference": "576dfbd0e63637fd1878c91e0176418d061449a2",
                "shasum": ""
            },
            "require": {
                "php": ">=5.3.0"
            },
            "type": "library",
            "autoload": {
                "psr-0": {
                    "Swapnilsarwe": "src/"
                }
            },
            "notification-url": "https://packagist.org/downloads/",
            "license": [
                "MIT"
            ],
            "authors": [
                {
                    "name": "Cyrus David",
                    "email": "apathetic012@gmail.com"
                },
                {
                    "name": "Swapnil Sarwe",
                    "email": "swapnilsarwe@gmail.com"
                }
            ],
            "description": "A fork of PHP Wrapper for The Chuck Norris Db API, created by cyrus david.",
            "homepage": "https://github.com/swapnilsarwe/icndb",
            "keywords": [
                "chuck-norris",
                "icndb",
                "jokes"
            ],
            "time": "2018-11-01T13:03:22+00:00"
        }
    ],
    "packages-dev": [],
    "aliases": [],
    "minimum-stability": "dev",
    "stability-flags": [],
    "prefer-stable": true,
    "prefer-lowest": false,
    "platform": {
        "php": ">=7.1.0"
    },
    "platform-dev": []
}
